
Microsoft Visual Studio Solution File, Format Version 12.00
# Visual Studio Version 16
VisualStudioVersion = 16.0.30523.141
MinimumVisualStudioVersion = 10.0.40219.1
Project("{8BC9CEB8-8B4A-11D0-8D11-00A0C91BC942}") = "calcul", "calcul.vcxproj", "{5824C918-9D9E-4898-899C-CDEB8DE5864C}"
EndProject
Global
	GlobalSection(SolutionConfigurationPlatforms) = preSolution
		Debug|x64 = Debug|x64
		Debug|x86 = Debug|x86
		Release|x64 = Release|x64
		Release|x86 = Release|x86
	EndGlobalSection
	GlobalSection(ProjectConfigurationPlatforms) = postSolution
		{5824C918-9D9E-4898-899C-CDEB8DE5864C}.Debug|x64.ActiveCfg = Debug|x64
		{5824C918-9D9E-4898-899C-CDEB8DE5864C}.Debug|x64.Build.0 = Debug|x64
		{5824C918-9D9E-4898-899C-CDEB8DE5864C}.Debug|x86.ActiveCfg = Debug|Win32
		{5824C918-9D9E-4898-899C-CDEB8DE5864C}.Debug|x86.Build.0 = Debug|Win32
		{5824C918-9D9E-4898-899C-CDEB8DE5864C}.Release|x64.ActiveCfg = Release|x64
		{5824C918-9D9E-4898-899C-CDEB8DE5864C}.Release|x64.Build.0 = Release|x64
		{5824C918-9D9E-4898-899C-CDEB8DE5864C}.Release|x86.ActiveCfg = Release|Win32
		{5824C918-9D9E-4898-899C-CDEB8DE5864C}.Release|x86.Build.0 = Release|Win32
	EndGlobalSection
	GlobalSection(SolutionProperties) = preSolution
		HideSolutionNode = FALSE
	EndGlobalSection
	GlobalSection(ExtensibilityGlobals) = postSolution
		SolutionGuid = {3DC423A4-DE79-4B52-A168-C7ED00DEF3BA}
	EndGlobalSection
EndGlobal
